
Microsoft Visual Studio Solution File, Format Version 12.00
# Visual Studio Version 16
VisualStudioVersion = 16.0.31105.61
MinimumVisualStudioVersion = 10.0.40219.1
Project("{9A19103F-16F7-4668-BE54-9A1E7A4F7556}") = "SoproWA", "SoproWA\SoproWA.csproj", "{8F8F8DCF-422F-4979-A72D-F11BA9BFBA32}"
EndProject
Project("{FAE04EC0-301F-11D3-BF4B-00C04F79EFBC}") = "BLL", "BLL\BLL.csproj", "{0365AC65-325F-4D97-8EBB-C62414F8024A}"
EndProject
Project("{FAE04EC0-301F-11D3-BF4B-00C04F79EFBC}") = "DAL", "DAL\DAL.csproj", "{AAA2FE90-A5AA-48FF-AE16-A906CA0AE3D0}"
EndProject
Global
	GlobalSection(SolutionConfigurationPlatforms) = preSolution
		Debug|Any CPU = Debug|Any CPU
		Release|Any CPU = Release|Any CPU
	EndGlobalSection
	GlobalSection(ProjectConfigurationPlatforms) = postSolution
		{8F8F8DCF-422F-4979-A72D-F11BA9BFBA32}.Debug|Any CPU.ActiveCfg = Debug|Any CPU
		{8F8F8DCF-422F-4979-A72D-F11BA9BFBA32}.Debug|Any CPU.Build.0 = Debug|Any CPU
		{8F8F8DCF-422F-4979-A72D-F11BA9BFBA32}.Release|Any CPU.ActiveCfg = Release|Any CPU
		{8F8F8DCF-422F-4979-A72D-F11BA9BFBA32}.Release|Any CPU.Build.0 = Release|Any CPU
		{0365AC65-325F-4D97-8EBB-C62414F8024A}.Debug|Any CPU.ActiveCfg = Debug|Any CPU
		{0365AC65-325F-4D97-8EBB-C62414F8024A}.Debug|Any CPU.Build.0 = Debug|Any CPU
		{0365AC65-325F-4D97-8EBB-C62414F8024A}.Release|Any CPU.ActiveCfg = Release|Any CPU
		{0365AC65-325F-4D97-8EBB-C62414F8024A}.Release|Any CPU.Build.0 = Release|Any CPU
		{AAA2FE90-A5AA-48FF-AE16-A906CA0AE3D0}.Debug|Any CPU.ActiveCfg = Debug|Any CPU
		{AAA2FE90-A5AA-48FF-AE16-A906CA0AE3D0}.Debug|Any CPU.Build.0 = Debug|Any CPU
		{AAA2FE90-A5AA-48FF-AE16-A906CA0AE3D0}.Release|Any CPU.ActiveCfg = Release|Any CPU
		{AAA2FE90-A5AA-48FF-AE16-A906CA0AE3D0}.Release|Any CPU.Build.0 = Release|Any CPU
	EndGlobalSection
	GlobalSection(SolutionProperties) = preSolution
		HideSolutionNode = FALSE
	EndGlobalSection
	GlobalSection(ExtensibilityGlobals) = postSolution
		SolutionGuid = {AD4F6600-1F2E-4A0F-A60C-424A70775FB3}
	EndGlobalSection
EndGlobal
